
Microsoft Visual Studio Solution File, Format Version 12.00
# Visual Studio 15
VisualStudioVersion = 15.0.27130.2026
MinimumVisualStudioVersion = 10.0.40219.1
Project("{E24C65DC-7377-472B-9ABA-BC803B73C61A}") = "UdemyJSLoops", "UdemyJSLoops\", "{7EFE087A-6198-446E-B2FC-7938C2570740}"
	ProjectSection(WebsiteProperties) = preProject
		TargetFrameworkMoniker = ".NETFramework,Version%3Dv4.6.1"
		Debug.AspNetCompiler.VirtualPath = "/localhost_50437"
		Debug.AspNetCompiler.PhysicalPath = "UdemyJSLoops\"
		Debug.AspNetCompiler.TargetPath = "PrecompiledWeb\localhost_50437\"
		Debug.AspNetCompiler.Updateable = "true"
		Debug.AspNetCompiler.ForceOverwrite = "true"
		Debug.AspNetCompiler.FixedNames = "false"
		Debug.AspNetCompiler.Debug = "True"
		Release.AspNetCompiler.VirtualPath = "/localhost_50437"
		Release.AspNetCompiler.PhysicalPath = "UdemyJSLoops\"
		Release.AspNetCompiler.TargetPath = "PrecompiledWeb\localhost_50437\"
		Release.AspNetCompiler.Updateable = "true"
		Release.AspNetCompiler.ForceOverwrite = "true"
		Release.AspNetCompiler.FixedNames = "false"
		Release.AspNetCompiler.Debug = "False"
		VWDPort = "50437"
		DefaultWebSiteLanguage = "Visual C#"
	EndProjectSection
EndProject
Global
	GlobalSection(SolutionConfigurationPlatforms) = preSolution
		Debug|Any CPU = Debug|Any CPU
	EndGlobalSection
	GlobalSection(ProjectConfigurationPlatforms) = postSolution
		{7EFE087A-6198-446E-B2FC-7938C2570740}.Debug|Any CPU.ActiveCfg = Debug|Any CPU
		{7EFE087A-6198-446E-B2FC-7938C2570740}.Debug|Any CPU.Build.0 = Debug|Any CPU
	EndGlobalSection
	GlobalSection(SolutionProperties) = preSolution
		HideSolutionNode = FALSE
	EndGlobalSection
	GlobalSection(ExtensibilityGlobals) = postSolution
		SolutionGuid = {9313B6C9-2CB8-4F73-8D1D-B333D65A8552}
	EndGlobalSection
EndGlobal
